{
  "name": "strix-workspace",
  "version": "1.0.0",
  "lockfileVersion": 2,
  "requires": true,
  "packages": {
    "": {
      "name": "strix-workspace",
      "version": "1.0.0",
      "workspaces": [
        "packages/*",
        "apps/*"
      ]
    },
    "apps/client": {
      "devDependencies": {
        "bun-types": "latest"
      },
      "peerDependencies": {
        "typescript": "^5.0.0"
      }
    },
    "apps/server": {
      "dependencies": {
        "@stricjs/router": "^4.1.6",
        "@stricjs/utils": "^1.4.7"
      },
      "devDependencies": {
        "bun-types": "latest",
        "typescript": "^5.2.2"
      }
    },
    "node_modules/@stricjs/router": {
      "version": "4.1.6",
      "resolved": "https://registry.npmjs.org/@stricjs/router/-/router-4.1.6.tgz",
      "integrity": "sha512-SYUZ4XYwjS4U+pLxQRp9HX54mXS9soyGdn9HDQA3PqiXvTigPIa9PuPJQXzuaIuWNh44GUJZaw1rjyfC3GZwjQ=="
    },
    "node_modules/@stricjs/utils": {
      "version": "1.4.7",
      "resolved": "https://registry.npmjs.org/@stricjs/utils/-/utils-1.4.7.tgz",
      "integrity": "sha512-XVYaM/U0jb07pUxNaO/PbEXsAQwofZVklFj2csYegKZF3w7D18i2APyQz8VcuAx7EW/SjMS21aydzanoJHcGjw=="
    },
    "node_modules/bun-types": {
      "version": "0.8.1",
      "resolved": "https://registry.npmjs.org/bun-types/-/bun-types-0.8.1.tgz",
      "integrity": "sha512-VuCBox66P/3a8gVOffLCWIS6vdpXq4y3eJuF3VnsyC5HpykmIjkcr5wYDn22qQdeTUmOfCcBy1SZmtrZCeUr3A==",
      "dev": true
    },
    "node_modules/client": {
      "resolved": "apps/client",
      "link": true
    },
    "node_modules/server": {
      "resolved": "apps/server",
      "link": true
    },
    "node_modules/typescript": {
      "version": "5.2.2",
      "resolved": "https://registry.npmjs.org/typescript/-/typescript-5.2.2.tgz",
      "integrity": "sha512-mI4WrpHsbCIcwT9cF4FZvr80QUeKvsUsUvKDoR+X/7XHQH98xYD8YHZg7ANtz2GtZt/CBq2QJ0thkGJMHfqc1w==",
      "bin": {
        "tsc": "bin/tsc",
        "tsserver": "bin/tsserver"
      },
      "engines": {
        "node": ">=14.17"
      }
    }
  },
  "dependencies": {
    "@stricjs/router": {
      "version": "4.1.6",
      "resolved": "https://registry.npmjs.org/@stricjs/router/-/router-4.1.6.tgz",
      "integrity": "sha512-SYUZ4XYwjS4U+pLxQRp9HX54mXS9soyGdn9HDQA3PqiXvTigPIa9PuPJQXzuaIuWNh44GUJZaw1rjyfC3GZwjQ=="
    },
    "@stricjs/utils": {
      "version": "1.4.7",
      "resolved": "https://registry.npmjs.org/@stricjs/utils/-/utils-1.4.7.tgz",
      "integrity": "sha512-XVYaM/U0jb07pUxNaO/PbEXsAQwofZVklFj2csYegKZF3w7D18i2APyQz8VcuAx7EW/SjMS21aydzanoJHcGjw=="
    },
    "bun-types": {
      "version": "0.8.1",
      "resolved": "https://registry.npmjs.org/bun-types/-/bun-types-0.8.1.tgz",
      "integrity": "sha512-VuCBox66P/3a8gVOffLCWIS6vdpXq4y3eJuF3VnsyC5HpykmIjkcr5wYDn22qQdeTUmOfCcBy1SZmtrZCeUr3A==",
      "dev": true
    },
    "client": {
      "version": "file:apps/client",
      "requires": {
        "bun-types": "latest"
      }
    },
    "server": {
      "version": "file:apps/server",
      "requires": {
        "@stricjs/router": "^4.1.6",
        "@stricjs/utils": "^1.4.7",
        "bun-types": "latest",
        "typescript": "^5.2.2"
      }
    },
    "typescript": {
      "version": "5.2.2",
      "resolved": "https://registry.npmjs.org/typescript/-/typescript-5.2.2.tgz",
      "integrity": "sha512-mI4WrpHsbCIcwT9cF4FZvr80QUeKvsUsUvKDoR+X/7XHQH98xYD8YHZg7ANtz2GtZt/CBq2QJ0thkGJMHfqc1w=="
    }
  }
}
